
Microsoft Visual Studio Solution File, Format Version 12.00
# Visual Studio Version 17
VisualStudioVersion = 17.1.32228.430
MinimumVisualStudioVersion = 10.0.40219.1
Project("{9A19103F-16F7-4668-BE54-9A1E7A4F7556}") = "Lun", "Lun.csproj", "{25553EC2-DA0F-4D17-93C3-24396FA6BF01}"
EndProject
Project("{9A19103F-16F7-4668-BE54-9A1E7A4F7556}") = "Lun.Server", "..\Lun.Server\Lun.Server.csproj", "{F2810281-5F92-487C-AA64-A8BDA198CB9C}"
EndProject
Project("{9A19103F-16F7-4668-BE54-9A1E7A4F7556}") = "Lun.Shared", "..\Lun.Shared\Lun.Shared.csproj", "{7F6FF356-7C97-4868-B322-F3A7680FBA22}"
EndProject
Project("{2150E333-8FDC-42A3-9474-1A3956D46DE8}") = "Solution Items", "Solution Items", "{ACB28165-2020-4EB6-A8FB-197F503DFEAB}"
	ProjectSection(SolutionItems) = preProject
		.editorconfig = .editorconfig
	EndProjectSection
EndProject
Global
	GlobalSection(SolutionConfigurationPlatforms) = preSolution
		Debug|Any CPU = Debug|Any CPU
		ExportDebug|Any CPU = ExportDebug|Any CPU
		ExportRelease|Any CPU = ExportRelease|Any CPU
		Release|Any CPU = Release|Any CPU
	EndGlobalSection
	GlobalSection(ProjectConfigurationPlatforms) = postSolution
		{25553EC2-DA0F-4D17-93C3-24396FA6BF01}.Debug|Any CPU.ActiveCfg = Debug|Any CPU
		{25553EC2-DA0F-4D17-93C3-24396FA6BF01}.Debug|Any CPU.Build.0 = Debug|Any CPU
		{25553EC2-DA0F-4D17-93C3-24396FA6BF01}.ExportDebug|Any CPU.ActiveCfg = ExportDebug|Any CPU
		{25553EC2-DA0F-4D17-93C3-24396FA6BF01}.ExportDebug|Any CPU.Build.0 = ExportDebug|Any CPU
		{25553EC2-DA0F-4D17-93C3-24396FA6BF01}.ExportRelease|Any CPU.ActiveCfg = ExportRelease|Any CPU
		{25553EC2-DA0F-4D17-93C3-24396FA6BF01}.ExportRelease|Any CPU.Build.0 = ExportRelease|Any CPU
		{25553EC2-DA0F-4D17-93C3-24396FA6BF01}.Release|Any CPU.ActiveCfg = ExportRelease|Any CPU
		{25553EC2-DA0F-4D17-93C3-24396FA6BF01}.Release|Any CPU.Build.0 = ExportRelease|Any CPU
		{F2810281-5F92-487C-AA64-A8BDA198CB9C}.Debug|Any CPU.ActiveCfg = Debug|Any CPU
		{F2810281-5F92-487C-AA64-A8BDA198CB9C}.Debug|Any CPU.Build.0 = Debug|Any CPU
		{F2810281-5F92-487C-AA64-A8BDA198CB9C}.ExportDebug|Any CPU.ActiveCfg = Debug|Any CPU
		{F2810281-5F92-487C-AA64-A8BDA198CB9C}.ExportDebug|Any CPU.Build.0 = Debug|Any CPU
		{F2810281-5F92-487C-AA64-A8BDA198CB9C}.ExportRelease|Any CPU.ActiveCfg = Release|Any CPU
		{F2810281-5F92-487C-AA64-A8BDA198CB9C}.ExportRelease|Any CPU.Build.0 = Release|Any CPU
		{F2810281-5F92-487C-AA64-A8BDA198CB9C}.Release|Any CPU.ActiveCfg = Release|Any CPU
		{F2810281-5F92-487C-AA64-A8BDA198CB9C}.Release|Any CPU.Build.0 = Release|Any CPU
		{7F6FF356-7C97-4868-B322-F3A7680FBA22}.Debug|Any CPU.ActiveCfg = Debug|Any CPU
		{7F6FF356-7C97-4868-B322-F3A7680FBA22}.Debug|Any CPU.Build.0 = Debug|Any CPU
		{7F6FF356-7C97-4868-B322-F3A7680FBA22}.ExportDebug|Any CPU.ActiveCfg = Debug|Any CPU
		{7F6FF356-7C97-4868-B322-F3A7680FBA22}.ExportDebug|Any CPU.Build.0 = Debug|Any CPU
		{7F6FF356-7C97-4868-B322-F3A7680FBA22}.ExportRelease|Any CPU.ActiveCfg = Release|Any CPU
		{7F6FF356-7C97-4868-B322-F3A7680FBA22}.ExportRelease|Any CPU.Build.0 = Release|Any CPU
		{7F6FF356-7C97-4868-B322-F3A7680FBA22}.Release|Any CPU.ActiveCfg = Release|Any CPU
		{7F6FF356-7C97-4868-B322-F3A7680FBA22}.Release|Any CPU.Build.0 = Release|Any CPU
	EndGlobalSection
	GlobalSection(SolutionProperties) = preSolution
		HideSolutionNode = FALSE
	EndGlobalSection
	GlobalSection(ExtensibilityGlobals) = postSolution
		SolutionGuid = {2EA4FF4F-06F3-41F1-9F3A-D1AB22DEE305}
	EndGlobalSection
EndGlobal
